{
  "name": "health-diary",
  "lockfileVersion": 3,
  "requires": true,
  "packages": {
    "": {
      "dependencies": {
        "@docusaurus/tsconfig": "^3.7.0"
      }
    },
    "node_modules/@docusaurus/tsconfig": {
      "version": "3.7.0",
      "resolved": "https://registry.npmjs.org/@docusaurus/tsconfig/-/tsconfig-3.7.0.tgz",
      "integrity": "sha512-vRsyj3yUZCjscgfgcFYjIsTcAru/4h4YH2/XAE8Rs7wWdnng98PgWKvP5ovVc4rmRpRg2WChVW0uOy2xHDvDBQ==",
      "license": "MIT"
    }
  }
}
